
Microsoft Visual Studio Solution File, Format Version 12.00
# Visual Studio Version 17
VisualStudioVersion = 17.10.35013.160
MinimumVisualStudioVersion = 10.0.40219.1
Project("{FAE04EC0-301F-11D3-BF4B-00C04F79EFBC}") = "HYCM20240905", "HYCM20240905\HYCM20240905.csproj", "{A07A1115-65A2-49B0-9FD9-C1DD91769CDC}"
EndProject
Global
	GlobalSection(SolutionConfigurationPlatforms) = preSolution
		Debug|Any CPU = Debug|Any CPU
		Release|Any CPU = Release|Any CPU
	EndGlobalSection
	GlobalSection(ProjectConfigurationPlatforms) = postSolution
		{A07A1115-65A2-49B0-9FD9-C1DD91769CDC}.Debug|Any CPU.ActiveCfg = Debug|Any CPU
		{A07A1115-65A2-49B0-9FD9-C1DD91769CDC}.Debug|Any CPU.Build.0 = Debug|Any CPU
		{A07A1115-65A2-49B0-9FD9-C1DD91769CDC}.Release|Any CPU.ActiveCfg = Release|Any CPU
		{A07A1115-65A2-49B0-9FD9-C1DD91769CDC}.Release|Any CPU.Build.0 = Release|Any CPU
	EndGlobalSection
	GlobalSection(SolutionProperties) = preSolution
		HideSolutionNode = FALSE
	EndGlobalSection
	GlobalSection(ExtensibilityGlobals) = postSolution
		SolutionGuid = {6C1A7DB8-58B4-4381-A9C8-07E950CE3F5D}
	EndGlobalSection
EndGlobal
